github.com/pyk/byten v0.0.0-20140925233358-f847a130bf6d h1:/0nqYrqVyPTVDT2jPx9z9BZ+ItJWlWA9VITUGvNaZkI=
github.com/pyk/byten v0.0.0-20140925233358-f847a130bf6d/go.mod h1:El8LdwAxb76Ih0mRmpu9uMVq+ajiqGSxmYiUe+nSr+w=
github.com/russross/blackfriday/v2 v2.1.0 h1:JIOH55/0cWyOuilr9/qlrm0BSXldqnqwMsf35Ld67mk=
github.com/russross/blackfriday/v2 v2.1.0/go.mod h1:+Rmxgy9KzJVeS9/2gXHxylqXiyQDYRxCVz55jmeOWTM=
golang.org/x/text v0.3.7 h1:olpwvP2KacW1ZWvsR7uQhoyTYvKAupfQrRGBFM352Gk=
golang.org/x/text v0.3.7/go.mod h1:u+2+/6zg+i71rQMx5EYifcz6MCKuco9NR6JIITiCfzQ=
